PODS:
  - DACircularProgress (2.3.1)
  - pop (1.0.9)
  - SDWebImage (5.0.6):
    - SDWebImage/Core (= 5.0.6)
  - SDWebImage/Core (5.0.6)

DEPENDENCIES:
  - DACircularProgress
  - pop
  - SDWebImage (= 5.0.6)

SPEC REPOS:
  https://github.com/cocoapods/specs.git:
    - DACircularProgress
    - pop
    - SDWebImage

SPEC CHECKSUMS:
  DACircularProgress: 4dd437c0fc3da5161cb289e07ac449493d41db71
  pop: f667631a5108a2e60d9e8797c9b32ddaf2080bce
  SDWebImage: 920f1a2ff1ca8296ad34f6e0510a1ef1d70ac965

PODFILE CHECKSUM: 2ba68e6aad6e0beff5837aacac76f1f10cfa7941

COCOAPODS: 1.7.1
